
Microsoft Visual Studio Solution File, Format Version 12.00
# Visual Studio 15
VisualStudioVersion = 15.0.27428.2027
MinimumVisualStudioVersion = 10.0.40219.1
Project("{8BC9CEB8-8B4A-11D0-8D11-00A0C91BC942}") = "startExercise", "startExercise\startExercise.vcxproj", "{7355ECD5-9A2D-49BC-88A3-432589418796}"
EndProject
Global
	GlobalSection(SolutionConfigurationPlatforms) = preSolution
		Debug|x64 = Debug|x64
		Debug|x86 = Debug|x86
		Release|x64 = Release|x64
		Release|x86 = Release|x86
	EndGlobalSection
	GlobalSection(ProjectConfigurationPlatforms) = postSolution
		{7355ECD5-9A2D-49BC-88A3-432589418796}.Debug|x64.ActiveCfg = Debug|x64
		{7355ECD5-9A2D-49BC-88A3-432589418796}.Debug|x64.Build.0 = Debug|x64
		{7355ECD5-9A2D-49BC-88A3-432589418796}.Debug|x86.ActiveCfg = Debug|Win32
		{7355ECD5-9A2D-49BC-88A3-432589418796}.Debug|x86.Build.0 = Debug|Win32
		{7355ECD5-9A2D-49BC-88A3-432589418796}.Release|x64.ActiveCfg = Release|x64
		{7355ECD5-9A2D-49BC-88A3-432589418796}.Release|x64.Build.0 = Release|x64
		{7355ECD5-9A2D-49BC-88A3-432589418796}.Release|x86.ActiveCfg = Release|Win32
		{7355ECD5-9A2D-49BC-88A3-432589418796}.Release|x86.Build.0 = Release|Win32
	EndGlobalSection
	GlobalSection(SolutionProperties) = preSolution
		HideSolutionNode = FALSE
	EndGlobalSection
	GlobalSection(ExtensibilityGlobals) = postSolution
		SolutionGuid = {1D353CCA-58BC-4579-96A5-59D542706F1E}
	EndGlobalSection
EndGlobal
